// !$*UTF8*$!
{
	archiveVersion = 1;
	classes = {
	};
	objectVersion = 55;
	objects = {

/* Begin PBXBuildFile section */
		88B7B0E1AB7BB16B5361D7BA /* Pods_IDNYT.framework in Frameworks */ = {isa = PBXBuildFile; fileRef = DCF1E9F4523A71ED433E5F27 /* Pods_IDNYT.framework */; };
		A30E0F2D273797E500B5CA0D /* ClassListViewController.swift in Sources */ = {isa = PBXBuildFile; fileRef = A30E0F2C273797E500B5CA0D /* ClassListViewController.swift */; };
		A30E0F2F27379BE400B5CA0D /* clView.swift in Sources */ = {isa = PBXBuildFile; fileRef = A30E0F2E27379BE400B5CA0D /* clView.swift */; };
		A314408C274778C700FB7F7C /* editClass.swift in Sources */ = {isa = PBXBuildFile; fileRef = A314408B274778C700FB7F7C /* editClass.swift */; };
		A345F385274C469300FCE3C2 /* HealthScreenView.swift in Sources */ = {isa = PBXBuildFile; fileRef = A345F384274C469300FCE3C2 /* HealthScreenView.swift */; };
		A345F388274C4A0F00FCE3C2 /* HSViewController.swift in Sources */ = {isa = PBXBuildFile; fileRef = A345F387274C4A0F00FCE3C2 /* HSViewController.swift */; };
		A3721DC2275428B200A4BCEC /* NFCController.swift in Sources */ = {isa = PBXBuildFile; fileRef = A3721DC1275428B200A4BCEC /* NFCController.swift */; };
		A379226A272E4504000C17B4 /* LaunchAnimationController.swift in Sources */ = {isa = PBXBuildFile; fileRef = A3792269272E4504000C17B4 /* LaunchAnimationController.swift */; };
		A3920BC5272E3BEF00B51F9C /* AppDelegate.swift in Sources */ = {isa = PBXBuildFile; fileRef = A3920BC4272E3BEF00B51F9C /* AppDelegate.swift */; };
		A3920BC7272E3BEF00B51F9C /* SceneDelegate.swift in Sources */ = {isa = PBXBuildFile; fileRef = A3920BC6272E3BEF00B51F9C /* SceneDelegate.swift */; };
		A3920BC9272E3BEF00B51F9C /* LoginViewController.swift in Sources */ = {isa = PBXBuildFile; fileRef = A3920BC8272E3BEF00B51F9C /* LoginViewController.swift */; };
		A3920BCC272E3BEF00B51F9C /* Main.storyboard in Resources */ = {isa = PBXBuildFile; fileRef = A3920BCA272E3BEF00B51F9C /* Main.storyboard */; };
		A3920BCE272E3BF000B51F9C /* Assets.xcassets in Resources */ = {isa = PBXBuildFile; fileRef = A3920BCD272E3BF000B51F9C /* Assets.xcassets */; };
		A3920BD1272E3BF000B51F9C /* LaunchScreen.storyboard in Resources */ = {isa = PBXBuildFile; fileRef = A3920BCF272E3BF000B51F9C /* LaunchScreen.storyboard */; };
		A3920BD9272E3C3300B51F9C /* GoogleService-Info.plist in Resources */ = {isa = PBXBuildFile; fileRef = A3920BD8272E3C3300B51F9C /* GoogleService-Info.plist */; };
		A39D8E9B273F21E200AC6E1F /* Fall2021ProfList.txt in Resources */ = {isa = PBXBuildFile; fileRef = A39D8E9A273F21E200AC6E1F /* Fall2021ProfList.txt */; };
		A3B71DDE2730A839008FB7F9 /* AccountInfoController.swift in Sources */ = {isa = PBXBuildFile; fileRef = A3B71DDD2730A839008FB7F9 /* AccountInfoController.swift */; };
		A3C061152739FC0D000317B1 /* PCLView.swift in Sources */ = {isa = PBXBuildFile; fileRef = A3C061142739FC0D000317B1 /* PCLView.swift */; };
		A3C9729A273DFECB0077DCB9 /* ClassViewModel.swift in Sources */ = {isa = PBXBuildFile; fileRef = A3C97299273DFECB0077DCB9 /* ClassViewModel.swift */; };
		A3C9729C273E00060077DCB9 /* ClassModel.swift in Sources */ = {isa = PBXBuildFile; fileRef = A3C9729B273E00060077DCB9 /* ClassModel.swift */; };
		A3D9800C2745BD8D001CFA79 /* ClassListUIViewController.swift in Sources */ = {isa = PBXBuildFile; fileRef = A3D9800B2745BD8D001CFA79 /* ClassListUIViewController.swift */; };
		A3D9800F27470B8A001CFA79 /* AttendenceViewController.swift in Sources */ = {isa = PBXBuildFile; fileRef = A3D9800E27470B8A001CFA79 /* AttendenceViewController.swift */; };
		A3D9801127470BA5001CFA79 /* AttendanceModel.swift in Sources */ = {isa = PBXBuildFile; fileRef = A3D9801027470BA5001CFA79 /* AttendanceModel.swift */; };
		A3D9801327470CC4001CFA79 /* AttendanceViewModel.swift in Sources */ = {isa = PBXBuildFile; fileRef = A3D9801227470CC4001CFA79 /* AttendanceViewModel.swift */; };
		A3E501CF275153DB00FCCB56 /* NFCReader.swift in Sources */ = {isa = PBXBuildFile; fileRef = A3E501CE275153DB00FCCB56 /* NFCReader.swift */; };
		A3EA33A327321BF0007FA93C /* DigitalCardController.swift in Sources */ = {isa = PBXBuildFile; fileRef = A3EA33A227321BF0007FA93C /* DigitalCardController.swift */; };
/* End PBXBuildFile section */

/* Begin PBXFileReference section */
		57E9E27793B478C877F4E676 /* Pods-IDNYT.debug.xcconfig */ = {isa = PBXFileReference; includeInIndex = 1; lastKnownFileType = text.xcconfig; name = "Pods-IDNYT.debug.xcconfig"; path = "Target Support Files/Pods-IDNYT/Pods-IDNYT.debug.xcconfig"; sourceTree = "<group>"; };
		6397A18D900535AC59B0288F /* Pods-IDNYT.release.xcconfig */ = {isa = PBXFileReference; includeInIndex = 1; lastKnownFileType = text.xcconfig; name = "Pods-IDNYT.release.xcconfig"; path = "Target Support Files/Pods-IDNYT/Pods-IDNYT.release.xcconfig"; sourceTree = "<group>"; };
		A30E0F2C273797E500B5CA0D /* ClassListViewController.swift */ = {isa = PBXFileReference; lastKnownFileType = sourcecode.swift; path = ClassListViewController.swift; sourceTree = "<group>"; };
		A30E0F2E27379BE400B5CA0D /* clView.swift */ = {isa = PBXFileReference; lastKnownFileType = sourcecode.swift; path = clView.swift; sourceTree = "<group>"; };
		A314408B274778C700FB7F7C /* editClass.swift */ = {isa = PBXFileReference; lastKnownFileType = sourcecode.swift; path = editClass.swift; sourceTree = "<group>"; };
		A345F384274C469300FCE3C2 /* HealthScreenView.swift */ = {isa = PBXFileReference; lastKnownFileType = sourcecode.swift; path = HealthScreenView.swift; sourceTree = "<group>"; };
		A345F387274C4A0F00FCE3C2 /* HSViewController.swift */ = {isa = PBXFileReference; lastKnownFileType = sourcecode.swift; path = HSViewController.swift; sourceTree = "<group>"; };
		A3721DC1275428B200A4BCEC /* NFCController.swift */ = {isa = PBXFileReference; lastKnownFileType = sourcecode.swift; path = NFCController.swift; sourceTree = "<group>"; };
		A3792269272E4504000C17B4 /* LaunchAnimationController.swift */ = {isa = PBXFileReference; lastKnownFileType = sourcecode.swift; path = LaunchAnimationController.swift; sourceTree = "<group>"; };
		A3920BC1272E3BEF00B51F9C /* IDNYT.app */ = {isa = PBXFileReference; explicitFileType = wrapper.application; includeInIndex = 0; path = IDNYT.app; sourceTree = BUILT_PRODUCTS_DIR; };
		A3920BC4272E3BEF00B51F9C /* AppDelegate.swift */ = {isa = PBXFileReference; lastKnownFileType = sourcecode.swift; path = AppDelegate.swift; sourceTree = "<group>"; };
		A3920BC6272E3BEF00B51F9C /* SceneDelegate.swift */ = {isa = PBXFileReference; lastKnownFileType = sourcecode.swift; path = SceneDelegate.swift; sourceTree = "<group>"; };
		A3920BC8272E3BEF00B51F9C /* LoginViewController.swift */ = {isa = PBXFileReference; lastKnownFileType = sourcecode.swift; path = LoginViewController.swift; sourceTree = "<group>"; };
		A3920BCB272E3BEF00B51F9C /* Base */ = {isa = PBXFileReference; lastKnownFileType = file.storyboard; name = Base; path = Base.lproj/Main.storyboard; sourceTree = "<group>"; };
		A3920BCD272E3BF000B51F9C /* Assets.xcassets */ = {isa = PBXFileReference; lastKnownFileType = folder.assetcatalog; path = Assets.xcassets; sourceTree = "<group>"; };
		A3920BD0272E3BF000B51F9C /* Base */ = {isa = PBXFileReference; lastKnownFileType = file.storyboard; name = Base; path = Base.lproj/LaunchScreen.storyboard; sourceTree = "<group>"; };
		A3920BD2272E3BF000B51F9C /* Info.plist */ = {isa = PBXFileReference; lastKnownFileType = text.plist.xml; path = Info.plist; sourceTree = "<group>"; };
		A3920BD8272E3C3300B51F9C /* GoogleService-Info.plist */ = {isa = PBXFileReference; fileEncoding = 4; lastKnownFileType = text.plist.xml; path = "GoogleService-Info.plist"; sourceTree = "<group>"; };
		A39D8E9A273F21E200AC6E1F /* Fall2021ProfList.txt */ = {isa = PBXFileReference; fileEncoding = 4; lastKnownFileType = text; path = Fall2021ProfList.txt; sourceTree = "<group>"; };
		A3B71DDD2730A839008FB7F9 /* AccountInfoController.swift */ = {isa = PBXFileReference; lastKnownFileType = sourcecode.swift; path = AccountInfoController.swift; sourceTree = "<group>"; };
		A3C061142739FC0D000317B1 /* PCLView.swift */ = {isa = PBXFileReference; lastKnownFileType = sourcecode.swift; path = PCLView.swift; sourceTree = "<group>"; };
		A3C97299273DFECB0077DCB9 /* ClassViewModel.swift */ = {isa = PBXFileReference; lastKnownFileType = sourcecode.swift; path = ClassViewModel.swift; sourceTree = "<group>"; };
		A3C9729B273E00060077DCB9 /* ClassModel.swift */ = {isa = PBXFileReference; lastKnownFileType = sourcecode.swift; path = ClassModel.swift; sourceTree = "<group>"; };
		A3D9800B2745BD8D001CFA79 /* ClassListUIViewController.swift */ = {isa = PBXFileReference; lastKnownFileType = sourcecode.swift; path = ClassListUIViewController.swift; sourceTree = "<group>"; };
		A3D9800E27470B8A001CFA79 /* AttendenceViewController.swift */ = {isa = PBXFileReference; lastKnownFileType = sourcecode.swift; path = AttendenceViewController.swift; sourceTree = "<group>"; };
		A3D9801027470BA5001CFA79 /* AttendanceModel.swift */ = {isa = PBXFileReference; lastKnownFileType = sourcecode.swift; path = AttendanceModel.swift; sourceTree = "<group>"; };
		A3D9801227470CC4001CFA79 /* AttendanceViewModel.swift */ = {isa = PBXFileReference; lastKnownFileType = sourcecode.swift; path = AttendanceViewModel.swift; sourceTree = "<group>"; };
		A3E501CD275152AA00FCCB56 /* IDNYT.entitlements */ = {isa = PBXFileReference; lastKnownFileType = text.plist.entitlements; path = IDNYT.entitlements; sourceTree = "<group>"; };
		A3E501CE275153DB00FCCB56 /* NFCReader.swift */ = {isa = PBXFileReference; lastKnownFileType = sourcecode.swift; path = NFCReader.swift; sourceTree = "<group>"; };
		A3EA33A227321BF0007FA93C /* DigitalCardController.swift */ = {isa = PBXFileReference; lastKnownFileType = sourcecode.swift; path = DigitalCardController.swift; sourceTree = "<group>"; };
		DCF1E9F4523A71ED433E5F27 /* Pods_IDNYT.framework */ = {isa = PBXFileReference; explicitFileType = wrapper.framework; includeInIndex = 0; path = Pods_IDNYT.framework; sourceTree = BUILT_PRODUCTS_DIR; };
/* End PBXFileReference section */

/* Begin PBXFrameworksBuildPhase section */
		A3920BBE272E3BEF00B51F9C /* Frameworks */ = {
			isa = PBXFrameworksBuildPhase;
			buildActionMask = 2147483647;
			files = (
				88B7B0E1AB7BB16B5361D7BA /* Pods_IDNYT.framework in Frameworks */,
			);
			runOnlyForDeploymentPostprocessing = 0;
		};
/* End PBXFrameworksBuildPhase section */

/* Begin PBXGroup section */
		557F31F5CF410F80772B8483 /* Frameworks */ = {
			isa = PBXGroup;
			children = (
				DCF1E9F4523A71ED433E5F27 /* Pods_IDNYT.framework */,
			);
			name = Frameworks;
			sourceTree = "<group>";
		};
		A345F386274C49E000FCE3C2 /* Storyboard2UI */ = {
			isa = PBXGroup;
			children = (
				A30E0F2C273797E500B5CA0D /* ClassListViewController.swift */,
				A345F387274C4A0F00FCE3C2 /* HSViewController.swift */,
			);
			path = Storyboard2UI;
			sourceTree = "<group>";
		};
		A3920BB8272E3BEF00B51F9C = {
			isa = PBXGroup;
			children = (
				A3920BC3272E3BEF00B51F9C /* IDNYT */,
				A3920BC2272E3BEF00B51F9C /* Products */,
				A718E55DD957246BB4181445 /* Pods */,
				557F31F5CF410F80772B8483 /* Frameworks */,
			);
			sourceTree = "<group>";
		};
		A3920BC2272E3BEF00B51F9C /* Products */ = {
			isa = PBXGroup;
			children = (
				A3920BC1272E3BEF00B51F9C /* IDNYT.app */,
			);
			name = Products;
			sourceTree = "<group>";
		};
		A3920BC3272E3BEF00B51F9C /* IDNYT */ = {
			isa = PBXGroup;
			children = (
				A3E501CD275152AA00FCCB56 /* IDNYT.entitlements */,
				A39D8E9A273F21E200AC6E1F /* Fall2021ProfList.txt */,
				A3920BC4272E3BEF00B51F9C /* AppDelegate.swift */,
				A3920BC6272E3BEF00B51F9C /* SceneDelegate.swift */,
				A3920BCF272E3BF000B51F9C /* LaunchScreen.storyboard */,
				A3920BCA272E3BEF00B51F9C /* Main.storyboard */,
				A3792269272E4504000C17B4 /* LaunchAnimationController.swift */,
				A3920BC8272E3BEF00B51F9C /* LoginViewController.swift */,
				A3C97298273DFD9F0077DCB9 /* Firebase */,
				A3B71DDC2730A81F008FB7F9 /* MainViewControllers */,
				A3920BCD272E3BF000B51F9C /* Assets.xcassets */,
				A3920BD2272E3BF000B51F9C /* Info.plist */,
				A3920BD8272E3C3300B51F9C /* GoogleService-Info.plist */,
			);
			path = IDNYT;
			sourceTree = "<group>";
		};
		A3B71DDC2730A81F008FB7F9 /* MainViewControllers */ = {
			isa = PBXGroup;
			children = (
				A345F386274C49E000FCE3C2 /* Storyboard2UI */,
				A3D9800D27470B74001CFA79 /* ProfessorView */,
				A3B71DDD2730A839008FB7F9 /* AccountInfoController.swift */,
				A3EA33A227321BF0007FA93C /* DigitalCardController.swift */,
				A30E0F2E27379BE400B5CA0D /* clView.swift */,
				A3D9800B2745BD8D001CFA79 /* ClassListUIViewController.swift */,
				A345F384274C469300FCE3C2 /* HealthScreenView.swift */,
			);
			path = MainViewControllers;
			sourceTree = "<group>";
		};
		A3C97298273DFD9F0077DCB9 /* Firebase */ = {
			isa = PBXGroup;
			children = (
				A3C97299273DFECB0077DCB9 /* ClassViewModel.swift */,
				A3C9729B273E00060077DCB9 /* ClassModel.swift */,
				A3D9801027470BA5001CFA79 /* AttendanceModel.swift */,
				A3D9801227470CC4001CFA79 /* AttendanceViewModel.swift */,
				A3E501CE275153DB00FCCB56 /* NFCReader.swift */,
				A3721DC1275428B200A4BCEC /* NFCController.swift */,
			);
			path = Firebase;
			sourceTree = "<group>";
		};
		A3D9800D27470B74001CFA79 /* ProfessorView */ = {
			isa = PBXGroup;
			children = (
				A3C061142739FC0D000317B1 /* PCLView.swift */,
				A3D9800E27470B8A001CFA79 /* AttendenceViewController.swift */,
				A314408B274778C700FB7F7C /* editClass.swift */,
			);
			path = ProfessorView;
			sourceTree = "<group>";
		};
		A718E55DD957246BB4181445 /* Pods */ = {
			isa = PBXGroup;
			children = (
				57E9E27793B478C877F4E676 /* Pods-IDNYT.debug.xcconfig */,
				6397A18D900535AC59B0288F /* Pods-IDNYT.release.xcconfig */,
			);
			path = Pods;
			sourceTree = "<group>";
		};
/* End PBXGroup section */

/* Begin PBXNativeTarget section */
		A3920BC0272E3BEF00B51F9C /* IDNYT */ = {
			isa = PBXNativeTarget;
			buildConfigurationList = A3920BD5272E3BF000B51F9C /* Build configuration list for PBXNativeTarget "IDNYT" */;
			buildPhases = (
				2BC4031BC113F803E2DB63E0 /* [CP] Check Pods Manifest.lock */,
				A3920BBD272E3BEF00B51F9C /* Sources */,
				A3920BBE272E3BEF00B51F9C /* Frameworks */,
				A3920BBF272E3BEF00B51F9C /* Resources */,
				148290B65FAC73A7BF86CE3A /* [CP] Embed Pods Frameworks */,
			);
			buildRules = (
			);
			dependencies = (
			);
			name = IDNYT;
			productName = IDNYT;
			productReference = A3920BC1272E3BEF00B51F9C /* IDNYT.app */;
			productType = "com.apple.product-type.application";
		};
/* End PBXNativeTarget section */

/* Begin PBXProject section */
		A3920BB9272E3BEF00B51F9C /* Project object */ = {
			isa = PBXProject;
			attributes = {
				BuildIndependentTargetsInParallel = 1;
				LastSwiftUpdateCheck = 1300;
				LastUpgradeCheck = 1300;
				TargetAttributes = {
					A3920BC0272E3BEF00B51F9C = {
						CreatedOnToolsVersion = 13.0;
					};
				};
			};
			buildConfigurationList = A3920BBC272E3BEF00B51F9C /* Build configuration list for PBXProject "IDNYT" */;
			compatibilityVersion = "Xcode 13.0";
			developmentRegion = en;
			hasScannedForEncodings = 0;
			knownRegions = (
				en,
				Base,
			);
			mainGroup = A3920BB8272E3BEF00B51F9C;
			productRefGroup = A3920BC2272E3BEF00B51F9C /* Products */;
			projectDirPath = "";
			projectRoot = "";
			targets = (
				A3920BC0272E3BEF00B51F9C /* IDNYT */,
			);
		};
/* End PBXProject section */

/* Begin PBXResourcesBuildPhase section */
		A3920BBF272E3BEF00B51F9C /* Resources */ = {
			isa = PBXResourcesBuildPhase;
			buildActionMask = 2147483647;
			files = (
				A39D8E9B273F21E200AC6E1F /* Fall2021ProfList.txt in Resources */,
				A3920BD1272E3BF000B51F9C /* LaunchScreen.storyboard in Resources */,
				A3920BD9272E3C3300B51F9C /* GoogleService-Info.plist in Resources */,
				A3920BCE272E3BF000B51F9C /* Assets.xcassets in Resources */,
				A3920BCC272E3BEF00B51F9C /* Main.storyboard in Resources */,
			);
			runOnlyForDeploymentPostprocessing = 0;
		};
/* End PBXResourcesBuildPhase section */

/* Begin PBXShellScriptBuildPhase section */
		148290B65FAC73A7BF86CE3A /* [CP] Embed Pods Frameworks */ = {
			isa = PBXShellScriptBuildPhase;
			buildActionMask = 2147483647;
			files = (
			);
			inputFileListPaths = (
				"${PODS_ROOT}/Target Support Files/Pods-IDNYT/Pods-IDNYT-frameworks-${CONFIGURATION}-input-files.xcfilelist",
			);
			name = "[CP] Embed Pods Frameworks";
			outputFileListPaths = (
				"${PODS_ROOT}/Target Support Files/Pods-IDNYT/Pods-IDNYT-frameworks-${CONFIGURATION}-output-files.xcfilelist",
			);
			runOnlyForDeploymentPostprocessing = 0;
			shellPath = /bin/sh;
			shellScript = "\"${PODS_ROOT}/Target Support Files/Pods-IDNYT/Pods-IDNYT-frameworks.sh\"\n";
			showEnvVarsInLog = 0;
		};
		2BC4031BC113F803E2DB63E0 /* [CP] Check Pods Manifest.lock */ = {
			isa = PBXShellScriptBuildPhase;
			buildActionMask = 2147483647;
			files = (
			);
			inputFileListPaths = (
			);
			inputPaths = (
				"${PODS_PODFILE_DIR_PATH}/Podfile.lock",
				"${PODS_ROOT}/Manifest.lock",
			);
			name = "[CP] Check Pods Manifest.lock";
			outputFileListPaths = (
			);
			outputPaths = (
				"$(DERIVED_FILE_DIR)/Pods-IDNYT-checkManifestLockResult.txt",
			);
			runOnlyForDeploymentPostprocessing = 0;
			shellPath = /bin/sh;
			shellScript = "diff \"${PODS_PODFILE_DIR_PATH}/Podfile.lock\" \"${PODS_ROOT}/Manifest.lock\" > /dev/null\nif [ $? != 0 ] ; then\n    # print error to STDERR\n    echo \"error: The sandbox is not in sync with the Podfile.lock. Run 'pod install' or update your CocoaPods installation.\" >&2\n    exit 1\nfi\n# This output is used by Xcode 'outputs' to avoid re-running this script phase.\necho \"SUCCESS\" > \"${SCRIPT_OUTPUT_FILE_0}\"\n";
			showEnvVarsInLog = 0;
		};
/* End PBXShellScriptBuildPhase section */

/* Begin PBXSourcesBuildPhase section */
		A3920BBD272E3BEF00B51F9C /* Sources */ = {
			isa = PBXSourcesBuildPhase;
			buildActionMask = 2147483647;
			files = (
				A3D9800F27470B8A001CFA79 /* AttendenceViewController.swift in Sources */,
				A3920BC9272E3BEF00B51F9C /* LoginViewController.swift in Sources */,
				A30E0F2D273797E500B5CA0D /* ClassListViewController.swift in Sources */,
				A3C9729A273DFECB0077DCB9 /* ClassViewModel.swift in Sources */,
				A3C061152739FC0D000317B1 /* PCLView.swift in Sources */,
				A345F385274C469300FCE3C2 /* HealthScreenView.swift in Sources */,
				A3D9800C2745BD8D001CFA79 /* ClassListUIViewController.swift in Sources */,
				A314408C274778C700FB7F7C /* editClass.swift in Sources */,
				A379226A272E4504000C17B4 /* LaunchAnimationController.swift in Sources */,
				A3D9801327470CC4001CFA79 /* AttendanceViewModel.swift in Sources */,
				A3920BC5272E3BEF00B51F9C /* AppDelegate.swift in Sources */,
				A3D9801127470BA5001CFA79 /* AttendanceModel.swift in Sources */,
				A3C9729C273E00060077DCB9 /* ClassModel.swift in Sources */,
				A3920BC7272E3BEF00B51F9C /* SceneDelegate.swift in Sources */,
				A30E0F2F27379BE400B5CA0D /* clView.swift in Sources */,
				A3B71DDE2730A839008FB7F9 /* AccountInfoController.swift in Sources */,
				A3EA33A327321BF0007FA93C /* DigitalCardController.swift in Sources */,
				A3721DC2275428B200A4BCEC /* NFCController.swift in Sources */,
				A345F388274C4A0F00FCE3C2 /* HSViewController.swift in Sources */,
				A3E501CF275153DB00FCCB56 /* NFCReader.swift in Sources */,
			);
			runOnlyForDeploymentPostprocessing = 0;
		};
/* End PBXSourcesBuildPhase section */

/* Begin PBXVariantGroup section */
		A3920BCA272E3BEF00B51F9C /* Main.storyboard */ = {
			isa = PBXVariantGroup;
			children = (
				A3920BCB272E3BEF00B51F9C /* Base */,
			);
			name = Main.storyboard;
			sourceTree = "<group>";
		};
		A3920BCF272E3BF000B51F9C /* LaunchScreen.storyboard */ = {
			isa = PBXVariantGroup;
			children = (
				A3920BD0272E3BF000B51F9C /* Base */,
			);
			name = LaunchScreen.storyboard;
			sourceTree = "<group>";
		};
/* End PBXVariantGroup section */

/* Begin XCBuildConfiguration section */
		A3920BD3272E3BF000B51F9C /* Debug */ = {
			isa = XCBuildConfiguration;
			buildSettings = {
				ALWAYS_SEARCH_USER_PATHS = NO;
				CLANG_ANALYZER_NONNULL = YES;
				CLANG_ANALYZER_NUMBER_OBJECT_CONVERSION = YES_AGGRESSIVE;
				CLANG_CXX_LANGUAGE_STANDARD = "gnu++17";
				CLANG_CXX_LIBRARY = "libc++";
				CLANG_ENABLE_MODULES = YES;
				CLANG_ENABLE_OBJC_ARC = YES;
				CLANG_ENABLE_OBJC_WEAK = YES;
				CLANG_WARN_BLOCK_CAPTURE_AUTORELEASING = YES;
				CLANG_WARN_BOOL_CONVERSION = YES;
				CLANG_WARN_COMMA = YES;
				CLANG_WARN_CONSTANT_CONVERSION = YES;
				CLANG_WARN_DEPRECATED_OBJC_IMPLEMENTATIONS = YES;
				CLANG_WARN_DIRECT_OBJC_ISA_USAGE = YES_ERROR;
				CLANG_WARN_DOCUMENTATION_COMMENTS = YES;
				CLANG_WARN_EMPTY_BODY = YES;
				CLANG_WARN_ENUM_CONVERSION = YES;
				CLANG_WARN_INFINITE_RECURSION = YES;
				CLANG_WARN_INT_CONVERSION = YES;
				CLANG_WARN_NON_LITERAL_NULL_CONVERSION = YES;
				CLANG_WARN_OBJC_IMPLICIT_RETAIN_SELF = YES;
				CLANG_WARN_OBJC_LITERAL_CONVERSION = YES;
				CLANG_WARN_OBJC_ROOT_CLASS = YES_ERROR;
				CLANG_WARN_QUOTED_INCLUDE_IN_FRAMEWORK_HEADER = YES;
				CLANG_WARN_RANGE_LOOP_ANALYSIS = YES;
				CLANG_WARN_STRICT_PROTOTYPES = YES;
				CLANG_WARN_SUSPICIOUS_MOVE = YES;
				CLANG_WARN_UNGUARDED_AVAILABILITY = YES_AGGRESSIVE;
				CLANG_WARN_UNREACHABLE_CODE = YES;
				CLANG_WARN__DUPLICATE_METHOD_MATCH = YES;
				COPY_PHASE_STRIP = NO;
				DEBUG_INFORMATION_FORMAT = dwarf;
				ENABLE_STRICT_OBJC_MSGSEND = YES;
				ENABLE_TESTABILITY = YES;
				GCC_C_LANGUAGE_STANDARD = gnu11;
				GCC_DYNAMIC_NO_PIC = NO;
				GCC_NO_COMMON_BLOCKS = YES;
				GCC_OPTIMIZATION_LEVEL = 0;
				GCC_PREPROCESSOR_DEFINITIONS = (
					"DEBUG=1",
					"$(inherited)",
				);
				GCC_WARN_64_TO_32_BIT_CONVERSION = YES;
				GCC_WARN_ABOUT_RETURN_TYPE = YES_ERROR;
				GCC_WARN_UNDECLARED_SELECTOR = YES;
				GCC_WARN_UNINITIALIZED_AUTOS = YES_AGGRESSIVE;
				GCC_WARN_UNUSED_FUNCTION = YES;
				GCC_WARN_UNUSED_VARIABLE = YES;
				IPHONEOS_DEPLOYMENT_TARGET = 15.0;
				MTL_ENABLE_DEBUG_INFO = INCLUDE_SOURCE;
				MTL_FAST_MATH = YES;
				ONLY_ACTIVE_ARCH = YES;
				SDKROOT = iphoneos;
				SWIFT_ACTIVE_COMPILATION_CONDITIONS = DEBUG;
				SWIFT_OPTIMIZATION_LEVEL = "-Onone";
			};
			name = Debug;
		};
		A3920BD4272E3BF000B51F9C /* Release */ = {
			isa = XCBuildConfiguration;
			buildSettings = {
				ALWAYS_SEARCH_USER_PATHS = NO;
				CLANG_ANALYZER_NONNULL = YES;
				CLANG_ANALYZER_NUMBER_OBJECT_CONVERSION = YES_AGGRESSIVE;
				CLANG_CXX_LANGUAGE_STANDARD = "gnu++17";
				CLANG_CXX_LIBRARY = "libc++";
				CLANG_ENABLE_MODULES = YES;
				CLANG_ENABLE_OBJC_ARC = YES;
				CLANG_ENABLE_OBJC_WEAK = YES;
				CLANG_WARN_BLOCK_CAPTURE_AUTORELEASING = YES;
				CLANG_WARN_BOOL_CONVERSION = YES;
				CLANG_WARN_COMMA = YES;
				CLANG_WARN_CONSTANT_CONVERSION = YES;
				CLANG_WARN_DEPRECATED_OBJC_IMPLEMENTATIONS = YES;
				CLANG_WARN_DIRECT_OBJC_ISA_USAGE = YES_ERROR;
				CLANG_WARN_DOCUMENTATION_COMMENTS = YES;
				CLANG_WARN_EMPTY_BODY = YES;
				CLANG_WARN_ENUM_CONVERSION = YES;
				CLANG_WARN_INFINITE_RECURSION = YES;
				CLANG_WARN_INT_CONVERSION = YES;
				CLANG_WARN_NON_LITERAL_NULL_CONVERSION = YES;
				CLANG_WARN_OBJC_IMPLICIT_RETAIN_SELF = YES;
				CLANG_WARN_OBJC_LITERAL_CONVERSION = YES;
				CLANG_WARN_OBJC_ROOT_CLASS = YES_ERROR;
				CLANG_WARN_QUOTED_INCLUDE_IN_FRAMEWORK_HEADER = YES;
				CLANG_WARN_RANGE_LOOP_ANALYSIS = YES;
				CLANG_WARN_STRICT_PROTOTYPES = YES;
				CLANG_WARN_SUSPICIOUS_MOVE = YES;
				CLANG_WARN_UNGUARDED_AVAILABILITY = YES_AGGRESSIVE;
				CLANG_WARN_UNREACHABLE_CODE = YES;
				CLANG_WARN__DUPLICATE_METHOD_MATCH = YES;
				COPY_PHASE_STRIP = NO;
				DEBUG_INFORMATION_FORMAT = "dwarf-with-dsym";
				ENABLE_NS_ASSERTIONS = NO;
				ENABLE_STRICT_OBJC_MSGSEND = YES;
				GCC_C_LANGUAGE_STANDARD = gnu11;
				GCC_NO_COMMON_BLOCKS = YES;
				GCC_WARN_64_TO_32_BIT_CONVERSION = YES;
				GCC_WARN_ABOUT_RETURN_TYPE = YES_ERROR;
				GCC_WARN_UNDECLARED_SELECTOR = YES;
				GCC_WARN_UNINITIALIZED_AUTOS = YES_AGGRESSIVE;
				GCC_WARN_UNUSED_FUNCTION = YES;
				GCC_WARN_UNUSED_VARIABLE = YES;
				IPHONEOS_DEPLOYMENT_TARGET = 15.0;
				MTL_ENABLE_DEBUG_INFO = NO;
				MTL_FAST_MATH = YES;
				SDKROOT = iphoneos;
				SWIFT_COMPILATION_MODE = wholemodule;
				SWIFT_OPTIMIZATION_LEVEL = "-O";
				VALIDATE_PRODUCT = YES;
			};
			name = Release;
		};
		A3920BD6272E3BF000B51F9C /* Debug */ = {
			isa = XCBuildConfiguration;
			baseConfigurationReference = 57E9E27793B478C877F4E676 /* Pods-IDNYT.debug.xcconfig */;
			buildSettings = {
				ASSETCATALOG_COMPILER_APPICON_NAME = AppIcon;
				ASSETCATALOG_COMPILER_GLOBAL_ACCENT_COLOR_NAME = AccentColor;
				CODE_SIGN_ENTITLEMENTS = IDNYT/IDNYT.entitlements;
				CODE_SIGN_STYLE = Automatic;
				CURRENT_PROJECT_VERSION = 1;
				DEVELOPMENT_TEAM = TNHS6765PZ;
				GENERATE_INFOPLIST_FILE = YES;
				INFOPLIST_FILE = IDNYT/Info.plist;
				INFOPLIST_KEY_NSCameraUsageDescription = "Please allow IDNYT to access your camera to scan your documents.";
				INFOPLIST_KEY_UIApplicationSupportsIndirectInputEvents = YES;
				INFOPLIST_KEY_UILaunchStoryboardName = LaunchScreen;
				INFOPLIST_KEY_UIMainStoryboardFile = Main;
				INFOPLIST_KEY_UISupportedInterfaceOrientations = UIInterfaceOrientationPortrait;
				INFOPLIST_KEY_UISupportedInterfaceOrientations_iPad = "UIInterfaceOrientationPortrait UIInterfaceOrientationPortraitUpsideDown UIInterfaceOrientationLandscapeLeft UIInterfaceOrientationLandscapeRight";
				INFOPLIST_KEY_UISupportedInterfaceOrientations_iPhone = "UIInterfaceOrientationPortrait UIInterfaceOrientationLandscapeLeft UIInterfaceOrientationLandscapeRight";
				IPHONEOS_DEPLOYMENT_TARGET = 15.0;
				LD_RUNPATH_SEARCH_PATHS = (
					"$(inherited)",
					"@executable_path/Frameworks",
				);
				MARKETING_VERSION = 1.0;
				PRODUCT_BUNDLE_IDENTIFIER = com.idnyt.IDNYT;
				PRODUCT_NAME = "$(TARGET_NAME)";
				SWIFT_EMIT_LOC_STRINGS = YES;
				SWIFT_VERSION = 5.0;
				TARGETED_DEVICE_FAMILY = 1;
			};
			name = Debug;
		};
		A3920BD7272E3BF000B51F9C /* Release */ = {
			isa = XCBuildConfiguration;
			baseConfigurationReference = 6397A18D900535AC59B0288F /* Pods-IDNYT.release.xcconfig */;
			buildSettings = {
				ASSETCATALOG_COMPILER_APPICON_NAME = AppIcon;
				ASSETCATALOG_COMPILER_GLOBAL_ACCENT_COLOR_NAME = AccentColor;
				CODE_SIGN_ENTITLEMENTS = IDNYT/IDNYT.entitlements;
				CODE_SIGN_STYLE = Automatic;
				CURRENT_PROJECT_VERSION = 1;
				DEVELOPMENT_TEAM = TNHS6765PZ;
				GENERATE_INFOPLIST_FILE = YES;
				INFOPLIST_FILE = IDNYT/Info.plist;
				INFOPLIST_KEY_NSCameraUsageDescription = "Please allow IDNYT to access your camera to scan your documents.";
				INFOPLIST_KEY_UIApplicationSupportsIndirectInputEvents = YES;
				INFOPLIST_KEY_UILaunchStoryboardName = LaunchScreen;
				INFOPLIST_KEY_UIMainStoryboardFile = Main;
				INFOPLIST_KEY_UISupportedInterfaceOrientations = UIInterfaceOrientationPortrait;
				INFOPLIST_KEY_UISupportedInterfaceOrientations_iPad = "UIInterfaceOrientationPortrait UIInterfaceOrientationPortraitUpsideDown UIInterfaceOrientationLandscapeLeft UIInterfaceOrientationLandscapeRight";
				INFOPLIST_KEY_UISupportedInterfaceOrientations_iPhone = "UIInterfaceOrientationPortrait UIInterfaceOrientationLandscapeLeft UIInterfaceOrientationLandscapeRight";
				IPHONEOS_DEPLOYMENT_TARGET = 15.0;
				LD_RUNPATH_SEARCH_PATHS = (
					"$(inherited)",
					"@executable_path/Frameworks",
				);
				MARKETING_VERSION = 1.0;
				PRODUCT_BUNDLE_IDENTIFIER = com.idnyt.IDNYT;
				PRODUCT_NAME = "$(TARGET_NAME)";
				SWIFT_EMIT_LOC_STRINGS = YES;
				SWIFT_VERSION = 5.0;
				TARGETED_DEVICE_FAMILY = 1;
			};
			name = Release;
		};
/* End XCBuildConfiguration section */

/* Begin XCConfigurationList section */
		A3920BBC272E3BEF00B51F9C /* Build configuration list for PBXProject "IDNYT" */ = {
			isa = XCConfigurationList;
			buildConfigurations = (
				A3920BD3272E3BF000B51F9C /* Debug */,
				A3920BD4272E3BF000B51F9C /* Release */,
			);
			defaultConfigurationIsVisible = 0;
			defaultConfigurationName = Release;
		};
		A3920BD5272E3BF000B51F9C /* Build configuration list for PBXNativeTarget "IDNYT" */ = {
			isa = XCConfigurationList;
			buildConfigurations = (
				A3920BD6272E3BF000B51F9C /* Debug */,
				A3920BD7272E3BF000B51F9C /* Release */,
			);
			defaultConfigurationIsVisible = 0;
			defaultConfigurationName = Release;
		};
/* End XCConfigurationList section */
	};
	rootObject = A3920BB9272E3BEF00B51F9C /* Project object */;
}
